
Microsoft Visual Studio Solution File, Format Version 12.00
# Visual Studio 15
VisualStudioVersion = 15.0.28307.489
MinimumVisualStudioVersion = 10.0.40219.1
Project("{FAE04EC0-301F-11D3-BF4B-00C04F79EFBC}") = "ConstraintSatisfactionProblemSolvingExplorer", "ConstraintSatisfactionProblemSolvingExplorer\ConstraintSatisfactionProblemSolvingExplorer.csproj", "{FA3DA409-2A15-4D36-A750-9E15BE199052}"
EndProject
Global
	GlobalSection(SolutionConfigurationPlatforms) = preSolution
		Debug|Any CPU = Debug|Any CPU
		Release|Any CPU = Release|Any CPU
	EndGlobalSection
	GlobalSection(ProjectConfigurationPlatforms) = postSolution
		{FA3DA409-2A15-4D36-A750-9E15BE199052}.Debug|Any CPU.ActiveCfg = Debug|Any CPU
		{FA3DA409-2A15-4D36-A750-9E15BE199052}.Debug|Any CPU.Build.0 = Debug|Any CPU
		{FA3DA409-2A15-4D36-A750-9E15BE199052}.Release|Any CPU.ActiveCfg = Release|Any CPU
		{FA3DA409-2A15-4D36-A750-9E15BE199052}.Release|Any CPU.Build.0 = Release|Any CPU
	EndGlobalSection
	GlobalSection(SolutionProperties) = preSolution
		HideSolutionNode = FALSE
	EndGlobalSection
	GlobalSection(ExtensibilityGlobals) = postSolution
		SolutionGuid = {B947B1E4-165C-4422-AEE3-A716A13F698E}
	EndGlobalSection
EndGlobal
